// !$*UTF8*$!
{
	archiveVersion = 1;
	classes = {
	};
	objectVersion = 46;
	objects = {

/* Begin PBXBuildFile section */
		9167E3B11C81588300C8FDC6 /* AppDelegate.swift in Sources */ = {isa = PBXBuildFile; fileRef = 9167E3B01C81588300C8FDC6 /* AppDelegate.swift */; };
		9167E3B31C81588300C8FDC6 /* ViewController.swift in Sources */ = {isa = PBXBuildFile; fileRef = 9167E3B21C81588300C8FDC6 /* ViewController.swift */; };
		9167E3B61C81588300C8FDC6 /* Main.storyboard in Resources */ = {isa = PBXBuildFile; fileRef = 9167E3B41C81588300C8FDC6 /* Main.storyboard */; };
		9167E3B81C81588300C8FDC6 /* Assets.xcassets in Resources */ = {isa = PBXBuildFile; fileRef = 9167E3B71C81588300C8FDC6 /* Assets.xcassets */; };
		9167E3BB1C81588300C8FDC6 /* LaunchScreen.storyboard in Resources */ = {isa = PBXBuildFile; fileRef = 9167E3B91C81588300C8FDC6 /* LaunchScreen.storyboard */; };
		9167E3C61C81588300C8FDC6 /* WinRouletteTests.swift in Sources */ = {isa = PBXBuildFile; fileRef = 9167E3C51C81588300C8FDC6 /* WinRouletteTests.swift */; };
		9167E3D11C81588300C8FDC6 /* WinRouletteUITests.swift in Sources */ = {isa = PBXBuildFile; fileRef = 9167E3D01C81588300C8FDC6 /* WinRouletteUITests.swift */; };
		9167E3DF1C81592500C8FDC6 /* Roulette.swift in Sources */ = {isa = PBXBuildFile; fileRef = 9167E3DE1C81592500C8FDC6 /* Roulette.swift */; };
/* End PBXBuildFile section */

/* Begin PBXContainerItemProxy section */
		9167E3C21C81588300C8FDC6 /* PBXContainerItemProxy */ = {
			isa = PBXContainerItemProxy;
			containerPortal = 9167E3A51C81588300C8FDC6 /* Project object */;
			proxyType = 1;
			remoteGlobalIDString = 9167E3AC1C81588300C8FDC6;
			remoteInfo = WinRoulette;
		};
		9167E3CD1C81588300C8FDC6 /* PBXContainerItemProxy */ = {
			isa = PBXContainerItemProxy;
			containerPortal = 9167E3A51C81588300C8FDC6 /* Project object */;
			proxyType = 1;
			remoteGlobalIDString = 9167E3AC1C81588300C8FDC6;
			remoteInfo = WinRoulette;
		};
/* End PBXContainerItemProxy section */

/* Begin PBXFileReference section */
		9167E3AD1C81588300C8FDC6 /* WinRoulette.app */ = {isa = PBXFileReference; explicitFileType = wrapper.application; includeInIndex = 0; path = WinRoulette.app; sourceTree = BUILT_PRODUCTS_DIR; };
		9167E3B01C81588300C8FDC6 /* AppDelegate.swift */ = {isa = PBXFileReference; lastKnownFileType = sourcecode.swift; path = AppDelegate.swift; sourceTree = "<group>"; };
		9167E3B21C81588300C8FDC6 /* ViewController.swift */ = {isa = PBXFileReference; lastKnownFileType = sourcecode.swift; path = ViewController.swift; sourceTree = "<group>"; };
		9167E3B51C81588300C8FDC6 /* Base */ = {isa = PBXFileReference; lastKnownFileType = file.storyboard; name = Base; path = Base.lproj/Main.storyboard; sourceTree = "<group>"; };
		9167E3B71C81588300C8FDC6 /* Assets.xcassets */ = {isa = PBXFileReference; lastKnownFileType = folder.assetcatalog; path = Assets.xcassets; sourceTree = "<group>"; };
		9167E3BA1C81588300C8FDC6 /* Base */ = {isa = PBXFileReference; lastKnownFileType = file.storyboard; name = Base; path = Base.lproj/LaunchScreen.storyboard; sourceTree = "<group>"; };
		9167E3BC1C81588300C8FDC6 /* Info.plist */ = {isa = PBXFileReference; lastKnownFileType = text.plist.xml; path = Info.plist; sourceTree = "<group>"; };
		9167E3C11C81588300C8FDC6 /* WinRouletteTests.xctest */ = {isa = PBXFileReference; explicitFileType = wrapper.cfbundle; includeInIndex = 0; path = WinRouletteTests.xctest; sourceTree = BUILT_PRODUCTS_DIR; };
		9167E3C51C81588300C8FDC6 /* WinRouletteTests.swift */ = {isa = PBXFileReference; lastKnownFileType = sourcecode.swift; path = WinRouletteTests.swift; sourceTree = "<group>"; };
		9167E3C71C81588300C8FDC6 /* Info.plist */ = {isa = PBXFileReference; lastKnownFileType = text.plist.xml; path = Info.plist; sourceTree = "<group>"; };
		9167E3CC1C81588300C8FDC6 /* WinRouletteUITests.xctest */ = {isa = PBXFileReference; explicitFileType = wrapper.cfbundle; includeInIndex = 0; path = WinRouletteUITests.xctest; sourceTree = BUILT_PRODUCTS_DIR; };
		9167E3D01C81588300C8FDC6 /* WinRouletteUITests.swift */ = {isa = PBXFileReference; lastKnownFileType = sourcecode.swift; path = WinRouletteUITests.swift; sourceTree = "<group>"; };
		9167E3D21C81588300C8FDC6 /* Info.plist */ = {isa = PBXFileReference; lastKnownFileType = text.plist.xml; path = Info.plist; sourceTree = "<group>"; };
		9167E3DE1C81592500C8FDC6 /* Roulette.swift */ = {isa = PBXFileReference; fileEncoding = 4; lastKnownFileType = sourcecode.swift; path = Roulette.swift; sourceTree = "<group>"; };
/* End PBXFileReference section */

/* Begin PBXFrameworksBuildPhase section */
		9167E3AA1C81588300C8FDC6 /* Frameworks */ = {
			isa = PBXFrameworksBuildPhase;
			buildActionMask = 2147483647;
			files = (
			);
			runOnlyForDeploymentPostprocessing = 0;
		};
		9167E3BE1C81588300C8FDC6 /* Frameworks */ = {
			isa = PBXFrameworksBuildPhase;
			buildActionMask = 2147483647;
			files = (
			);
			runOnlyForDeploymentPostprocessing = 0;
		};
		9167E3C91C81588300C8FDC6 /* Frameworks */ = {
			isa = PBXFrameworksBuildPhase;
			buildActionMask = 2147483647;
			files = (
			);
			runOnlyForDeploymentPostprocessing = 0;
		};
/* End PBXFrameworksBuildPhase section */

/* Begin PBXGroup section */
		9167E3A41C81588300C8FDC6 = {
			isa = PBXGroup;
			children = (
				9167E3AF1C81588300C8FDC6 /* WinRoulette */,
				9167E3C41C81588300C8FDC6 /* WinRouletteTests */,
				9167E3CF1C81588300C8FDC6 /* WinRouletteUITests */,
				9167E3AE1C81588300C8FDC6 /* Products */,
			);
			sourceTree = "<group>";
		};
		9167E3AE1C81588300C8FDC6 /* Products */ = {
			isa = PBXGroup;
			children = (
				9167E3AD1C81588300C8FDC6 /* WinRoulette.app */,
				9167E3C11C81588300C8FDC6 /* WinRouletteTests.xctest */,
				9167E3CC1C81588300C8FDC6 /* WinRouletteUITests.xctest */,
			);
			name = Products;
			sourceTree = "<group>";
		};
		9167E3AF1C81588300C8FDC6 /* WinRoulette */ = {
			isa = PBXGroup;
			children = (
				9167E3B01C81588300C8FDC6 /* AppDelegate.swift */,
				9167E3B21C81588300C8FDC6 /* ViewController.swift */,
				9167E3B41C81588300C8FDC6 /* Main.storyboard */,
				9167E3B71C81588300C8FDC6 /* Assets.xcassets */,
				9167E3B91C81588300C8FDC6 /* LaunchScreen.storyboard */,
				9167E3BC1C81588300C8FDC6 /* Info.plist */,
				9167E3DE1C81592500C8FDC6 /* Roulette.swift */,
			);
			path = WinRoulette;
			sourceTree = "<group>";
		};
		9167E3C41C81588300C8FDC6 /* WinRouletteTests */ = {
			isa = PBXGroup;
			children = (
				9167E3C51C81588300C8FDC6 /* WinRouletteTests.swift */,
				9167E3C71C81588300C8FDC6 /* Info.plist */,
			);
			path = WinRouletteTests;
			sourceTree = "<group>";
		};
		9167E3CF1C81588300C8FDC6 /* WinRouletteUITests */ = {
			isa = PBXGroup;
			children = (
				9167E3D01C81588300C8FDC6 /* WinRouletteUITests.swift */,
				9167E3D21C81588300C8FDC6 /* Info.plist */,
			);
			path = WinRouletteUITests;
			sourceTree = "<group>";
		};
/* End PBXGroup section */

/* Begin PBXNativeTarget section */
		9167E3AC1C81588300C8FDC6 /* WinRoulette */ = {
			isa = PBXNativeTarget;
			buildConfigurationList = 9167E3D51C81588300C8FDC6 /* Build configuration list for PBXNativeTarget "WinRoulette" */;
			buildPhases = (
				9167E3A91C81588300C8FDC6 /* Sources */,
				9167E3AA1C81588300C8FDC6 /* Frameworks */,
				9167E3AB1C81588300C8FDC6 /* Resources */,
			);
			buildRules = (
			);
			dependencies = (
			);
			name = WinRoulette;
			productName = WinRoulette;
			productReference = 9167E3AD1C81588300C8FDC6 /* WinRoulette.app */;
			productType = "com.apple.product-type.application";
		};
		9167E3C01C81588300C8FDC6 /* WinRouletteTests */ = {
			isa = PBXNativeTarget;
			buildConfigurationList = 9167E3D81C81588300C8FDC6 /* Build configuration list for PBXNativeTarget "WinRouletteTests" */;
			buildPhases = (
				9167E3BD1C81588300C8FDC6 /* Sources */,
				9167E3BE1C81588300C8FDC6 /* Frameworks */,
				9167E3BF1C81588300C8FDC6 /* Resources */,
			);
			buildRules = (
			);
			dependencies = (
				9167E3C31C81588300C8FDC6 /* PBXTargetDependency */,
			);
			name = WinRouletteTests;
			productName = WinRouletteTests;
			productReference = 9167E3C11C81588300C8FDC6 /* WinRouletteTests.xctest */;
			productType = "com.apple.product-type.bundle.unit-test";
		};
		9167E3CB1C81588300C8FDC6 /* WinRouletteUITests */ = {
			isa = PBXNativeTarget;
			buildConfigurationList = 9167E3DB1C81588300C8FDC6 /* Build configuration list for PBXNativeTarget "WinRouletteUITests" */;
			buildPhases = (
				9167E3C81C81588300C8FDC6 /* Sources */,
				9167E3C91C81588300C8FDC6 /* Frameworks */,
				9167E3CA1C81588300C8FDC6 /* Resources */,
			);
			buildRules = (
			);
			dependencies = (
				9167E3CE1C81588300C8FDC6 /* PBXTargetDependency */,
			);
			name = WinRouletteUITests;
			productName = WinRouletteUITests;
			productReference = 9167E3CC1C81588300C8FDC6 /* WinRouletteUITests.xctest */;
			productType = "com.apple.product-type.bundle.ui-testing";
		};
/* End PBXNativeTarget section */

/* Begin PBXProject section */
		9167E3A51C81588300C8FDC6 /* Project object */ = {
			isa = PBXProject;
			attributes = {
				LastSwiftUpdateCheck = 0720;
				LastUpgradeCheck = 0720;
				ORGANIZATIONNAME = "Manoj Vemula";
				TargetAttributes = {
					9167E3AC1C81588300C8FDC6 = {
						CreatedOnToolsVersion = 7.2.1;
					};
					9167E3C01C81588300C8FDC6 = {
						CreatedOnToolsVersion = 7.2.1;
						TestTargetID = 9167E3AC1C81588300C8FDC6;
					};
					9167E3CB1C81588300C8FDC6 = {
						CreatedOnToolsVersion = 7.2.1;
						TestTargetID = 9167E3AC1C81588300C8FDC6;
					};
				};
			};
			buildConfigurationList = 9167E3A81C81588300C8FDC6 /* Build configuration list for PBXProject "WinRoulette" */;
			compatibilityVersion = "Xcode 3.2";
			developmentRegion = English;
			hasScannedForEncodings = 0;
			knownRegions = (
				en,
				Base,
			);
			mainGroup = 9167E3A41C81588300C8FDC6;
			productRefGroup = 9167E3AE1C81588300C8FDC6 /* Products */;
			projectDirPath = "";
			projectRoot = "";
			targets = (
				9167E3AC1C81588300C8FDC6 /* WinRoulette */,
				9167E3C01C81588300C8FDC6 /* WinRouletteTests */,
				9167E3CB1C81588300C8FDC6 /* WinRouletteUITests */,
			);
		};
/* End PBXProject section */

/* Begin PBXResourcesBuildPhase section */
		9167E3AB1C81588300C8FDC6 /* Resources */ = {
			isa = PBXResourcesBuildPhase;
			buildActionMask = 2147483647;
			files = (
				9167E3BB1C81588300C8FDC6 /* LaunchScreen.storyboard in Resources */,
				9167E3B81C81588300C8FDC6 /* Assets.xcassets in Resources */,
				9167E3B61C81588300C8FDC6 /* Main.storyboard in Resources */,
			);
			runOnlyForDeploymentPostprocessing = 0;
		};
		9167E3BF1C81588300C8FDC6 /* Resources */ = {
			isa = PBXResourcesBuildPhase;
			buildActionMask = 2147483647;
			files = (
			);
			runOnlyForDeploymentPostprocessing = 0;
		};
		9167E3CA1C81588300C8FDC6 /* Resources */ = {
			isa = PBXResourcesBuildPhase;
			buildActionMask = 2147483647;
			files = (
			);
			runOnlyForDeploymentPostprocessing = 0;
		};
/* End PBXResourcesBuildPhase section */

/* Begin PBXSourcesBuildPhase section */
		9167E3A91C81588300C8FDC6 /* Sources */ = {
			isa = PBXSourcesBuildPhase;
			buildActionMask = 2147483647;
			files = (
				9167E3DF1C81592500C8FDC6 /* Roulette.swift in Sources */,
				9167E3B31C81588300C8FDC6 /* ViewController.swift in Sources */,
				9167E3B11C81588300C8FDC6 /* AppDelegate.swift in Sources */,
			);
			runOnlyForDeploymentPostprocessing = 0;
		};
		9167E3BD1C81588300C8FDC6 /* Sources */ = {
			isa = PBXSourcesBuildPhase;
			buildActionMask = 2147483647;
			files = (
				9167E3C61C81588300C8FDC6 /* WinRouletteTests.swift in Sources */,
			);
			runOnlyForDeploymentPostprocessing = 0;
		};
		9167E3C81C81588300C8FDC6 /* Sources */ = {
			isa = PBXSourcesBuildPhase;
			buildActionMask = 2147483647;
			files = (
				9167E3D11C81588300C8FDC6 /* WinRouletteUITests.swift in Sources */,
			);
			runOnlyForDeploymentPostprocessing = 0;
		};
/* End PBXSourcesBuildPhase section */

/* Begin PBXTargetDependency section */
		9167E3C31C81588300C8FDC6 /* PBXTargetDependency */ = {
			isa = PBXTargetDependency;
			target = 9167E3AC1C81588300C8FDC6 /* WinRoulette */;
			targetProxy = 9167E3C21C81588300C8FDC6 /* PBXContainerItemProxy */;
		};
		9167E3CE1C81588300C8FDC6 /* PBXTargetDependency */ = {
			isa = PBXTargetDependency;
			target = 9167E3AC1C81588300C8FDC6 /* WinRoulette */;
			targetProxy = 9167E3CD1C81588300C8FDC6 /* PBXContainerItemProxy */;
		};
/* End PBXTargetDependency section */

/* Begin PBXVariantGroup section */
		9167E3B41C81588300C8FDC6 /* Main.storyboard */ = {
			isa = PBXVariantGroup;
			children = (
				9167E3B51C81588300C8FDC6 /* Base */,
			);
			name = Main.storyboard;
			sourceTree = "<group>";
		};
		9167E3B91C81588300C8FDC6 /* LaunchScreen.storyboard */ = {
			isa = PBXVariantGroup;
			children = (
				9167E3BA1C81588300C8FDC6 /* Base */,
			);
			name = LaunchScreen.storyboard;
			sourceTree = "<group>";
		};
/* End PBXVariantGroup section */

/* Begin XCBuildConfiguration section */
		9167E3D31C81588300C8FDC6 /* Debug */ = {
			isa = XCBuildConfiguration;
			buildSettings = {
				ALWAYS_SEARCH_USER_PATHS = NO;
				CLANG_CXX_LANGUAGE_STANDARD = "gnu++0x";
				CLANG_CXX_LIBRARY = "libc++";
				CLANG_ENABLE_MODULES = YES;
				CLANG_ENABLE_OBJC_ARC = YES;
				CLANG_WARN_BOOL_CONVERSION = YES;
				CLANG_WARN_CONSTANT_CONVERSION = YES;
				CLANG_WARN_DIRECT_OBJC_ISA_USAGE = YES_ERROR;
				CLANG_WARN_EMPTY_BODY = YES;
				CLANG_WARN_ENUM_CONVERSION = YES;
				CLANG_WARN_INT_CONVERSION = YES;
				CLANG_WARN_OBJC_ROOT_CLASS = YES_ERROR;
				CLANG_WARN_UNREACHABLE_CODE = YES;
				CLANG_WARN__DUPLICATE_METHOD_MATCH = YES;
				"CODE_SIGN_IDENTITY[sdk=iphoneos*]" = "iPhone Developer";
				COPY_PHASE_STRIP = NO;
				DEBUG_INFORMATION_FORMAT = dwarf;
				ENABLE_STRICT_OBJC_MSGSEND = YES;
				ENABLE_TESTABILITY = YES;
				GCC_C_LANGUAGE_STANDARD = gnu99;
				GCC_DYNAMIC_NO_PIC = NO;
				GCC_NO_COMMON_BLOCKS = YES;
				GCC_OPTIMIZATION_LEVEL = 0;
				GCC_PREPROCESSOR_DEFINITIONS = (
					"DEBUG=1",
					"$(inherited)",
				);
				GCC_WARN_64_TO_32_BIT_CONVERSION = YES;
				GCC_WARN_ABOUT_RETURN_TYPE = YES_ERROR;
				GCC_WARN_UNDECLARED_SELECTOR = YES;
				GCC_WARN_UNINITIALIZED_AUTOS = YES_AGGRESSIVE;
				GCC_WARN_UNUSED_FUNCTION = YES;
				GCC_WARN_UNUSED_VARIABLE = YES;
				IPHONEOS_DEPLOYMENT_TARGET = 9.2;
				MTL_ENABLE_DEBUG_INFO = YES;
				ONLY_ACTIVE_ARCH = YES;
				SDKROOT = iphoneos;
				SWIFT_OPTIMIZATION_LEVEL = "-Onone";
				TARGETED_DEVICE_FAMILY = "1,2";
			};
			name = Debug;
		};
		9167E3D41C81588300C8FDC6 /* Release */ = {
			isa = XCBuildConfiguration;
			buildSettings = {
				ALWAYS_SEARCH_USER_PATHS = NO;
				CLANG_CXX_LANGUAGE_STANDARD = "gnu++0x";
				CLANG_CXX_LIBRARY = "libc++";
				CLANG_ENABLE_MODULES = YES;
				CLANG_ENABLE_OBJC_ARC = YES;
				CLANG_WARN_BOOL_CONVERSION = YES;
				CLANG_WARN_CONSTANT_CONVERSION = YES;
				CLANG_WARN_DIRECT_OBJC_ISA_USAGE = YES_ERROR;
				CLANG_WARN_EMPTY_BODY = YES;
				CLANG_WARN_ENUM_CONVERSION = YES;
				CLANG_WARN_INT_CONVERSION = YES;
				CLANG_WARN_OBJC_ROOT_CLASS = YES_ERROR;
				CLANG_WARN_UNREACHABLE_CODE = YES;
				CLANG_WARN__DUPLICATE_METHOD_MATCH = YES;
				"CODE_SIGN_IDENTITY[sdk=iphoneos*]" = "iPhone Developer";
				COPY_PHASE_STRIP = NO;
				DEBUG_INFORMATION_FORMAT = "dwarf-with-dsym";
				ENABLE_NS_ASSERTIONS = NO;
				ENABLE_STRICT_OBJC_MSGSEND = YES;
				GCC_C_LANGUAGE_STANDARD = gnu99;
				GCC_NO_COMMON_BLOCKS = YES;
				GCC_WARN_64_TO_32_BIT_CONVERSION = YES;
				GCC_WARN_ABOUT_RETURN_TYPE = YES_ERROR;
				GCC_WARN_UNDECLARED_SELECTOR = YES;
				GCC_WARN_UNINITIALIZED_AUTOS = YES_AGGRESSIVE;
				GCC_WARN_UNUSED_FUNCTION = YES;
				GCC_WARN_UNUSED_VARIABLE = YES;
				IPHONEOS_DEPLOYMENT_TARGET = 9.2;
				MTL_ENABLE_DEBUG_INFO = NO;
				SDKROOT = iphoneos;
				TARGETED_DEVICE_FAMILY = "1,2";
				VALIDATE_PRODUCT = YES;
			};
			name = Release;
		};
		9167E3D61C81588300C8FDC6 /* Debug */ = {
			isa = XCBuildConfiguration;
			buildSettings = {
				ASSETCATALOG_COMPILER_APPICON_NAME = AppIcon;
				INFOPLIST_FILE = WinRoulette/Info.plist;
				LD_RUNPATH_SEARCH_PATHS = "$(inherited) @executable_path/Frameworks";
				PRODUCT_BUNDLE_IDENTIFIER = com.randomProject.ProtoypeProject.WinRoulette;
				PRODUCT_NAME = "$(TARGET_NAME)";
			};
			name = Debug;
		};
		9167E3D71C81588300C8FDC6 /* Release */ = {
			isa = XCBuildConfiguration;
			buildSettings = {
				ASSETCATALOG_COMPILER_APPICON_NAME = AppIcon;
				INFOPLIST_FILE = WinRoulette/Info.plist;
				LD_RUNPATH_SEARCH_PATHS = "$(inherited) @executable_path/Frameworks";
				PRODUCT_BUNDLE_IDENTIFIER = com.randomProject.ProtoypeProject.WinRoulette;
				PRODUCT_NAME = "$(TARGET_NAME)";
			};
			name = Release;
		};
		9167E3D91C81588300C8FDC6 /* Debug */ = {
			isa = XCBuildConfiguration;
			buildSettings = {
				BUNDLE_LOADER = "$(TEST_HOST)";
				INFOPLIST_FILE = WinRouletteTests/Info.plist;
				LD_RUNPATH_SEARCH_PATHS = "$(inherited) @executable_path/Frameworks @loader_path/Frameworks";
				PRODUCT_BUNDLE_IDENTIFIER = com.randomProject.ProtoypeProject.WinRouletteTests;
				PRODUCT_NAME = "$(TARGET_NAME)";
				TEST_HOST = "$(BUILT_PRODUCTS_DIR)/WinRoulette.app/WinRoulette";
			};
			name = Debug;
		};
		9167E3DA1C81588300C8FDC6 /* Release */ = {
			isa = XCBuildConfiguration;
			buildSettings = {
				BUNDLE_LOADER = "$(TEST_HOST)";
				INFOPLIST_FILE = WinRouletteTests/Info.plist;
				LD_RUNPATH_SEARCH_PATHS = "$(inherited) @executable_path/Frameworks @loader_path/Frameworks";
				PRODUCT_BUNDLE_IDENTIFIER = com.randomProject.ProtoypeProject.WinRouletteTests;
				PRODUCT_NAME = "$(TARGET_NAME)";
				TEST_HOST = "$(BUILT_PRODUCTS_DIR)/WinRoulette.app/WinRoulette";
			};
			name = Release;
		};
		9167E3DC1C81588300C8FDC6 /* Debug */ = {
			isa = XCBuildConfiguration;
			buildSettings = {
				INFOPLIST_FILE = WinRouletteUITests/Info.plist;
				LD_RUNPATH_SEARCH_PATHS = "$(inherited) @executable_path/Frameworks @loader_path/Frameworks";
				PRODUCT_BUNDLE_IDENTIFIER = com.randomProject.ProtoypeProject.WinRouletteUITests;
				PRODUCT_NAME = "$(TARGET_NAME)";
				TEST_TARGET_NAME = WinRoulette;
				USES_XCTRUNNER = YES;
			};
			name = Debug;
		};
		9167E3DD1C81588300C8FDC6 /* Release */ = {
			isa = XCBuildConfiguration;
			buildSettings = {
				INFOPLIST_FILE = WinRouletteUITests/Info.plist;
				LD_RUNPATH_SEARCH_PATHS = "$(inherited) @executable_path/Frameworks @loader_path/Frameworks";
				PRODUCT_BUNDLE_IDENTIFIER = com.randomProject.ProtoypeProject.WinRouletteUITests;
				PRODUCT_NAME = "$(TARGET_NAME)";
				TEST_TARGET_NAME = WinRoulette;
				USES_XCTRUNNER = YES;
			};
			name = Release;
		};
/* End XCBuildConfiguration section */

/* Begin XCConfigurationList section */
		9167E3A81C81588300C8FDC6 /* Build configuration list for PBXProject "WinRoulette" */ = {
			isa = XCConfigurationList;
			buildConfigurations = (
				9167E3D31C81588300C8FDC6 /* Debug */,
				9167E3D41C81588300C8FDC6 /* Release */,
			);
			defaultConfigurationIsVisible = 0;
			defaultConfigurationName = Release;
		};
		9167E3D51C81588300C8FDC6 /* Build configuration list for PBXNativeTarget "WinRoulette" */ = {
			isa = XCConfigurationList;
			buildConfigurations = (
				9167E3D61C81588300C8FDC6 /* Debug */,
				9167E3D71C81588300C8FDC6 /* Release */,
			);
			defaultConfigurationIsVisible = 0;
		};
		9167E3D81C81588300C8FDC6 /* Build configuration list for PBXNativeTarget "WinRouletteTests" */ = {
			isa = XCConfigurationList;
			buildConfigurations = (
				9167E3D91C81588300C8FDC6 /* Debug */,
				9167E3DA1C81588300C8FDC6 /* Release */,
			);
			defaultConfigurationIsVisible = 0;
		};
		9167E3DB1C81588300C8FDC6 /* Build configuration list for PBXNativeTarget "WinRouletteUITests" */ = {
			isa = XCConfigurationList;
			buildConfigurations = (
				9167E3DC1C81588300C8FDC6 /* Debug */,
				9167E3DD1C81588300C8FDC6 /* Release */,
			);
			defaultConfigurationIsVisible = 0;
		};
/* End XCConfigurationList section */
	};
	rootObject = 9167E3A51C81588300C8FDC6 /* Project object */;
}
